// !$*UTF8*$!
{
	archiveVersion = 1;
	classes = {
	};
	objectVersion = 46;
	objects = {

/* Begin PBXBuildFile section */
		185387F41C363C7400ADD85A /* AppDelegate.swift in Sources */ = {isa = PBXBuildFile; fileRef = 185387F31C363C7400ADD85A /* AppDelegate.swift */; };
		185387F61C363C7400ADD85A /* ViewController.swift in Sources */ = {isa = PBXBuildFile; fileRef = 185387F51C363C7400ADD85A /* ViewController.swift */; };
		185387FB1C363C7400ADD85A /* Images.xcassets in Resources */ = {isa = PBXBuildFile; fileRef = 185387FA1C363C7400ADD85A /* Images.xcassets */; };
		185387FE1C363C7400ADD85A /* LaunchScreen.xib in Resources */ = {isa = PBXBuildFile; fileRef = 185387FC1C363C7400ADD85A /* LaunchScreen.xib */; };
		1853880A1C363C7400ADD85A /* SlideTableCellTests.swift in Sources */ = {isa = PBXBuildFile; fileRef = 185388091C363C7400ADD85A /* SlideTableCellTests.swift */; };
		185388141C363FE200ADD85A /* tableView.swift in Sources */ = {isa = PBXBuildFile; fileRef = 185388131C363FE200ADD85A /* tableView.swift */; };
		185388161C36445B00ADD85A /* TableViewCell.swift in Sources */ = {isa = PBXBuildFile; fileRef = 185388151C36445B00ADD85A /* TableViewCell.swift */; };
/* End PBXBuildFile section */

/* Begin PBXContainerItemProxy section */
		185388041C363C7400ADD85A /* PBXContainerItemProxy */ = {
			isa = PBXContainerItemProxy;
			containerPortal = 185387E61C363C7400ADD85A /* Project object */;
			proxyType = 1;
			remoteGlobalIDString = 185387ED1C363C7400ADD85A;
			remoteInfo = SlideTableCell;
		};
/* End PBXContainerItemProxy section */

/* Begin PBXFileReference section */
		185387EE1C363C7400ADD85A /* SlideTableCell.app */ = {isa = PBXFileReference; explicitFileType = wrapper.application; includeInIndex = 0; path = SlideTableCell.app; sourceTree = BUILT_PRODUCTS_DIR; };
		185387F21C363C7400ADD85A /* Info.plist */ = {isa = PBXFileReference; lastKnownFileType = text.plist.xml; path = Info.plist; sourceTree = "<group>"; };
		185387F31C363C7400ADD85A /* AppDelegate.swift */ = {isa = PBXFileReference; lastKnownFileType = sourcecode.swift; path = AppDelegate.swift; sourceTree = "<group>"; };
		185387F51C363C7400ADD85A /* ViewController.swift */ = {isa = PBXFileReference; lastKnownFileType = sourcecode.swift; path = ViewController.swift; sourceTree = "<group>"; };
		185387FA1C363C7400ADD85A /* Images.xcassets */ = {isa = PBXFileReference; lastKnownFileType = folder.assetcatalog; path = Images.xcassets; sourceTree = "<group>"; };
		185387FD1C363C7400ADD85A /* Base */ = {isa = PBXFileReference; lastKnownFileType = file.xib; name = Base; path = Base.lproj/LaunchScreen.xib; sourceTree = "<group>"; };
		185388031C363C7400ADD85A /* SlideTableCellTests.xctest */ = {isa = PBXFileReference; explicitFileType = wrapper.cfbundle; includeInIndex = 0; path = SlideTableCellTests.xctest; sourceTree = BUILT_PRODUCTS_DIR; };
		185388081C363C7400ADD85A /* Info.plist */ = {isa = PBXFileReference; lastKnownFileType = text.plist.xml; path = Info.plist; sourceTree = "<group>"; };
		185388091C363C7400ADD85A /* SlideTableCellTests.swift */ = {isa = PBXFileReference; lastKnownFileType = sourcecode.swift; path = SlideTableCellTests.swift; sourceTree = "<group>"; };
		185388131C363FE200ADD85A /* tableView.swift */ = {isa = PBXFileReference; fileEncoding = 4; lastKnownFileType = sourcecode.swift; path = tableView.swift; sourceTree = "<group>"; };
		185388151C36445B00ADD85A /* TableViewCell.swift */ = {isa = PBXFileReference; fileEncoding = 4; lastKnownFileType = sourcecode.swift; path = TableViewCell.swift; sourceTree = "<group>"; };
/* End PBXFileReference section */

/* Begin PBXFrameworksBuildPhase section */
		185387EB1C363C7400ADD85A /* Frameworks */ = {
			isa = PBXFrameworksBuildPhase;
			buildActionMask = 2147483647;
			files = (
			);
			runOnlyForDeploymentPostprocessing = 0;
		};
		185388001C363C7400ADD85A /* Frameworks */ = {
			isa = PBXFrameworksBuildPhase;
			buildActionMask = 2147483647;
			files = (
			);
			runOnlyForDeploymentPostprocessing = 0;
		};
/* End PBXFrameworksBuildPhase section */

/* Begin PBXGroup section */
		185387E51C363C7400ADD85A = {
			isa = PBXGroup;
			children = (
				185387F01C363C7400ADD85A /* SlideTableCell */,
				185388061C363C7400ADD85A /* SlideTableCellTests */,
				185387EF1C363C7400ADD85A /* Products */,
			);
			sourceTree = "<group>";
		};
		185387EF1C363C7400ADD85A /* Products */ = {
			isa = PBXGroup;
			children = (
				185387EE1C363C7400ADD85A /* SlideTableCell.app */,
				185388031C363C7400ADD85A /* SlideTableCellTests.xctest */,
			);
			name = Products;
			sourceTree = "<group>";
		};
		185387F01C363C7400ADD85A /* SlideTableCell */ = {
			isa = PBXGroup;
			children = (
				185387F31C363C7400ADD85A /* AppDelegate.swift */,
				185387F51C363C7400ADD85A /* ViewController.swift */,
				185387FA1C363C7400ADD85A /* Images.xcassets */,
				185387FC1C363C7400ADD85A /* LaunchScreen.xib */,
				185388131C363FE200ADD85A /* tableView.swift */,
				185387F11C363C7400ADD85A /* Supporting Files */,
				185388151C36445B00ADD85A /* TableViewCell.swift */,
			);
			path = SlideTableCell;
			sourceTree = "<group>";
		};
		185387F11C363C7400ADD85A /* Supporting Files */ = {
			isa = PBXGroup;
			children = (
				185387F21C363C7400ADD85A /* Info.plist */,
			);
			name = "Supporting Files";
			sourceTree = "<group>";
		};
		185388061C363C7400ADD85A /* SlideTableCellTests */ = {
			isa = PBXGroup;
			children = (
				185388091C363C7400ADD85A /* SlideTableCellTests.swift */,
				185388071C363C7400ADD85A /* Supporting Files */,
			);
			path = SlideTableCellTests;
			sourceTree = "<group>";
		};
		185388071C363C7400ADD85A /* Supporting Files */ = {
			isa = PBXGroup;
			children = (
				185388081C363C7400ADD85A /* Info.plist */,
			);
			name = "Supporting Files";
			sourceTree = "<group>";
		};
/* End PBXGroup section */

/* Begin PBXNativeTarget section */
		185387ED1C363C7400ADD85A /* SlideTableCell */ = {
			isa = PBXNativeTarget;
			buildConfigurationList = 1853880D1C363C7400ADD85A /* Build configuration list for PBXNativeTarget "SlideTableCell" */;
			buildPhases = (
				185387EA1C363C7400ADD85A /* Sources */,
				185387EB1C363C7400ADD85A /* Frameworks */,
				185387EC1C363C7400ADD85A /* Resources */,
			);
			buildRules = (
			);
			dependencies = (
			);
			name = SlideTableCell;
			productName = SlideTableCell;
			productReference = 185387EE1C363C7400ADD85A /* SlideTableCell.app */;
			productType = "com.apple.product-type.application";
		};
		185388021C363C7400ADD85A /* SlideTableCellTests */ = {
			isa = PBXNativeTarget;
			buildConfigurationList = 185388101C363C7400ADD85A /* Build configuration list for PBXNativeTarget "SlideTableCellTests" */;
			buildPhases = (
				185387FF1C363C7400ADD85A /* Sources */,
				185388001C363C7400ADD85A /* Frameworks */,
				185388011C363C7400ADD85A /* Resources */,
			);
			buildRules = (
			);
			dependencies = (
				185388051C363C7400ADD85A /* PBXTargetDependency */,
			);
			name = SlideTableCellTests;
			productName = SlideTableCellTests;
			productReference = 185388031C363C7400ADD85A /* SlideTableCellTests.xctest */;
			productType = "com.apple.product-type.bundle.unit-test";
		};
/* End PBXNativeTarget section */

/* Begin PBXProject section */
		185387E61C363C7400ADD85A /* Project object */ = {
			isa = PBXProject;
			attributes = {
				LastUpgradeCheck = 0640;
				ORGANIZATIONNAME = mountor_zj;
				TargetAttributes = {
					185387ED1C363C7400ADD85A = {
						CreatedOnToolsVersion = 6.4;
					};
					185388021C363C7400ADD85A = {
						CreatedOnToolsVersion = 6.4;
						TestTargetID = 185387ED1C363C7400ADD85A;
					};
				};
			};
			buildConfigurationList = 185387E91C363C7400ADD85A /* Build configuration list for PBXProject "SlideTableCell" */;
			compatibilityVersion = "Xcode 3.2";
			developmentRegion = English;
			hasScannedForEncodings = 0;
			knownRegions = (
				en,
				Base,
			);
			mainGroup = 185387E51C363C7400ADD85A;
			productRefGroup = 185387EF1C363C7400ADD85A /* Products */;
			projectDirPath = "";
			projectRoot = "";
			targets = (
				185387ED1C363C7400ADD85A /* SlideTableCell */,
				185388021C363C7400ADD85A /* SlideTableCellTests */,
			);
		};
/* End PBXProject section */

/* Begin PBXResourcesBuildPhase section */
		185387EC1C363C7400ADD85A /* Resources */ = {
			isa = PBXResourcesBuildPhase;
			buildActionMask = 2147483647;
			files = (
				185387FE1C363C7400ADD85A /* LaunchScreen.xib in Resources */,
				185387FB1C363C7400ADD85A /* Images.xcassets in Resources */,
			);
			runOnlyForDeploymentPostprocessing = 0;
		};
		185388011C363C7400ADD85A /* Resources */ = {
			isa = PBXResourcesBuildPhase;
			buildActionMask = 2147483647;
			files = (
			);
			runOnlyForDeploymentPostprocessing = 0;
		};
/* End PBXResourcesBuildPhase section */

/* Begin PBXSourcesBuildPhase section */
		185387EA1C363C7400ADD85A /* Sources */ = {
			isa = PBXSourcesBuildPhase;
			buildActionMask = 2147483647;
			files = (
				185387F61C363C7400ADD85A /* ViewController.swift in Sources */,
				185388161C36445B00ADD85A /* TableViewCell.swift in Sources */,
				185387F41C363C7400ADD85A /* AppDelegate.swift in Sources */,
				185388141C363FE200ADD85A /* tableView.swift in Sources */,
			);
			runOnlyForDeploymentPostprocessing = 0;
		};
		185387FF1C363C7400ADD85A /* Sources */ = {
			isa = PBXSourcesBuildPhase;
			buildActionMask = 2147483647;
			files = (
				1853880A1C363C7400ADD85A /* SlideTableCellTests.swift in Sources */,
			);
			runOnlyForDeploymentPostprocessing = 0;
		};
/* End PBXSourcesBuildPhase section */

/* Begin PBXTargetDependency section */
		185388051C363C7400ADD85A /* PBXTargetDependency */ = {
			isa = PBXTargetDependency;
			target = 185387ED1C363C7400ADD85A /* SlideTableCell */;
			targetProxy = 185388041C363C7400ADD85A /* PBXContainerItemProxy */;
		};
/* End PBXTargetDependency section */

/* Begin PBXVariantGroup section */
		185387FC1C363C7400ADD85A /* LaunchScreen.xib */ = {
			isa = PBXVariantGroup;
			children = (
				185387FD1C363C7400ADD85A /* Base */,
			);
			name = LaunchScreen.xib;
			sourceTree = "<group>";
		};
/* End PBXVariantGroup section */

/* Begin XCBuildConfiguration section */
		1853880B1C363C7400ADD85A /* Debug */ = {
			isa = XCBuildConfiguration;
			buildSettings = {
				ALWAYS_SEARCH_USER_PATHS = NO;
				CLANG_CXX_LANGUAGE_STANDARD = "gnu++0x";
				CLANG_CXX_LIBRARY = "libc++";
				CLANG_ENABLE_MODULES = YES;
				CLANG_ENABLE_OBJC_ARC = YES;
				CLANG_WARN_BOOL_CONVERSION = YES;
				CLANG_WARN_CONSTANT_CONVERSION = YES;
				CLANG_WARN_DIRECT_OBJC_ISA_USAGE = YES_ERROR;
				CLANG_WARN_EMPTY_BODY = YES;
				CLANG_WARN_ENUM_CONVERSION = YES;
				CLANG_WARN_INT_CONVERSION = YES;
				CLANG_WARN_OBJC_ROOT_CLASS = YES_ERROR;
				CLANG_WARN_UNREACHABLE_CODE = YES;
				CLANG_WARN__DUPLICATE_METHOD_MATCH = YES;
				"CODE_SIGN_IDENTITY[sdk=iphoneos*]" = "iPhone Developer";
				COPY_PHASE_STRIP = NO;
				DEBUG_INFORMATION_FORMAT = "dwarf-with-dsym";
				ENABLE_STRICT_OBJC_MSGSEND = YES;
				GCC_C_LANGUAGE_STANDARD = gnu99;
				GCC_DYNAMIC_NO_PIC = NO;
				GCC_NO_COMMON_BLOCKS = YES;
				GCC_OPTIMIZATION_LEVEL = 0;
				GCC_PREPROCESSOR_DEFINITIONS = (
					"DEBUG=1",
					"$(inherited)",
				);
				GCC_SYMBOLS_PRIVATE_EXTERN = NO;
				GCC_WARN_64_TO_32_BIT_CONVERSION = YES;
				GCC_WARN_ABOUT_RETURN_TYPE = YES_ERROR;
				GCC_WARN_UNDECLARED_SELECTOR = YES;
				GCC_WARN_UNINITIALIZED_AUTOS = YES_AGGRESSIVE;
				GCC_WARN_UNUSED_FUNCTION = YES;
				GCC_WARN_UNUSED_VARIABLE = YES;
				IPHONEOS_DEPLOYMENT_TARGET = 8.4;
				MTL_ENABLE_DEBUG_INFO = YES;
				ONLY_ACTIVE_ARCH = YES;
				SDKROOT = iphoneos;
				SWIFT_OPTIMIZATION_LEVEL = "-Onone";
			};
			name = Debug;
		};
		1853880C1C363C7400ADD85A /* Release */ = {
			isa = XCBuildConfiguration;
			buildSettings = {
				ALWAYS_SEARCH_USER_PATHS = NO;
				CLANG_CXX_LANGUAGE_STANDARD = "gnu++0x";
				CLANG_CXX_LIBRARY = "libc++";
				CLANG_ENABLE_MODULES = YES;
				CLANG_ENABLE_OBJC_ARC = YES;
				CLANG_WARN_BOOL_CONVERSION = YES;
				CLANG_WARN_CONSTANT_CONVERSION = YES;
				CLANG_WARN_DIRECT_OBJC_ISA_USAGE = YES_ERROR;
				CLANG_WARN_EMPTY_BODY = YES;
				CLANG_WARN_ENUM_CONVERSION = YES;
				CLANG_WARN_INT_CONVERSION = YES;
				CLANG_WARN_OBJC_ROOT_CLASS = YES_ERROR;
				CLANG_WARN_UNREACHABLE_CODE = YES;
				CLANG_WARN__DUPLICATE_METHOD_MATCH = YES;
				"CODE_SIGN_IDENTITY[sdk=iphoneos*]" = "iPhone Developer";
				COPY_PHASE_STRIP = NO;
				DEBUG_INFORMATION_FORMAT = "dwarf-with-dsym";
				ENABLE_NS_ASSERTIONS = NO;
				ENABLE_STRICT_OBJC_MSGSEND = YES;
				GCC_C_LANGUAGE_STANDARD = gnu99;
				GCC_NO_COMMON_BLOCKS = YES;
				GCC_WARN_64_TO_32_BIT_CONVERSION = YES;
				GCC_WARN_ABOUT_RETURN_TYPE = YES_ERROR;
				GCC_WARN_UNDECLARED_SELECTOR = YES;
				GCC_WARN_UNINITIALIZED_AUTOS = YES_AGGRESSIVE;
				GCC_WARN_UNUSED_FUNCTION = YES;
				GCC_WARN_UNUSED_VARIABLE = YES;
				IPHONEOS_DEPLOYMENT_TARGET = 8.4;
				MTL_ENABLE_DEBUG_INFO = NO;
				SDKROOT = iphoneos;
				VALIDATE_PRODUCT = YES;
			};
			name = Release;
		};
		1853880E1C363C7400ADD85A /* Debug */ = {
			isa = XCBuildConfiguration;
			buildSettings = {
				ASSETCATALOG_COMPILER_APPICON_NAME = AppIcon;
				INFOPLIST_FILE = SlideTableCell/Info.plist;
				LD_RUNPATH_SEARCH_PATHS = "$(inherited) @executable_path/Frameworks";
				PRODUCT_NAME = "$(TARGET_NAME)";
			};
			name = Debug;
		};
		1853880F1C363C7400ADD85A /* Release */ = {
			isa = XCBuildConfiguration;
			buildSettings = {
				ASSETCATALOG_COMPILER_APPICON_NAME = AppIcon;
				INFOPLIST_FILE = SlideTableCell/Info.plist;
				LD_RUNPATH_SEARCH_PATHS = "$(inherited) @executable_path/Frameworks";
				PRODUCT_NAME = "$(TARGET_NAME)";
			};
			name = Release;
		};
		185388111C363C7400ADD85A /* Debug */ = {
			isa = XCBuildConfiguration;
			buildSettings = {
				BUNDLE_LOADER = "$(TEST_HOST)";
				FRAMEWORK_SEARCH_PATHS = (
					"$(SDKROOT)/Developer/Library/Frameworks",
					"$(inherited)",
				);
				GCC_PREPROCESSOR_DEFINITIONS = (
					"DEBUG=1",
					"$(inherited)",
				);
				INFOPLIST_FILE = SlideTableCellTests/Info.plist;
				LD_RUNPATH_SEARCH_PATHS = "$(inherited) @executable_path/Frameworks @loader_path/Frameworks";
				PRODUCT_NAME = "$(TARGET_NAME)";
				TEST_HOST = "$(BUILT_PRODUCTS_DIR)/SlideTableCell.app/SlideTableCell";
			};
			name = Debug;
		};
		185388121C363C7400ADD85A /* Release */ = {
			isa = XCBuildConfiguration;
			buildSettings = {
				BUNDLE_LOADER = "$(TEST_HOST)";
				FRAMEWORK_SEARCH_PATHS = (
					"$(SDKROOT)/Developer/Library/Frameworks",
					"$(inherited)",
				);
				INFOPLIST_FILE = SlideTableCellTests/Info.plist;
				LD_RUNPATH_SEARCH_PATHS = "$(inherited) @executable_path/Frameworks @loader_path/Frameworks";
				PRODUCT_NAME = "$(TARGET_NAME)";
				TEST_HOST = "$(BUILT_PRODUCTS_DIR)/SlideTableCell.app/SlideTableCell";
			};
			name = Release;
		};
/* End XCBuildConfiguration section */

/* Begin XCConfigurationList section */
		185387E91C363C7400ADD85A /* Build configuration list for PBXProject "SlideTableCell" */ = {
			isa = XCConfigurationList;
			buildConfigurations = (
				1853880B1C363C7400ADD85A /* Debug */,
				1853880C1C363C7400ADD85A /* Release */,
			);
			defaultConfigurationIsVisible = 0;
			defaultConfigurationName = Release;
		};
		1853880D1C363C7400ADD85A /* Build configuration list for PBXNativeTarget "SlideTableCell" */ = {
			isa = XCConfigurationList;
			buildConfigurations = (
				1853880E1C363C7400ADD85A /* Debug */,
				1853880F1C363C7400ADD85A /* Release */,
			);
			defaultConfigurationIsVisible = 0;
		};
		185388101C363C7400ADD85A /* Build configuration list for PBXNativeTarget "SlideTableCellTests" */ = {
			isa = XCConfigurationList;
			buildConfigurations = (
				185388111C363C7400ADD85A /* Debug */,
				185388121C363C7400ADD85A /* Release */,
			);
			defaultConfigurationIsVisible = 0;
		};
/* End XCConfigurationList section */
	};
	rootObject = 185387E61C363C7400ADD85A /* Project object */;
}
